
Microsoft Visual Studio Solution File, Format Version 12.00
# Visual Studio Version 17
VisualStudioVersion = 17.2.32630.192
MinimumVisualStudioVersion = 10.0.40219.1
Project("{FAE04EC0-301F-11D3-BF4B-00C04F79EFBC}") = "AccessSpecifiers", "AccessSpecifiers\AccessSpecifiers.csproj", "{6CD3BA81-87B1-427A-AAA2-7CF781B47862}"
EndProject
Global
	GlobalSection(SolutionConfigurationPlatforms) = preSolution
		Debug|Any CPU = Debug|Any CPU
		Release|Any CPU = Release|Any CPU
	EndGlobalSection
	GlobalSection(ProjectConfigurationPlatforms) = postSolution
		{6CD3BA81-87B1-427A-AAA2-7CF781B47862}.Debug|Any CPU.ActiveCfg = Debug|Any CPU
		{6CD3BA81-87B1-427A-AAA2-7CF781B47862}.Debug|Any CPU.Build.0 = Debug|Any CPU
		{6CD3BA81-87B1-427A-AAA2-7CF781B47862}.Release|Any CPU.ActiveCfg = Release|Any CPU
		{6CD3BA81-87B1-427A-AAA2-7CF781B47862}.Release|Any CPU.Build.0 = Release|Any CPU
	EndGlobalSection
	GlobalSection(SolutionProperties) = preSolution
		HideSolutionNode = FALSE
	EndGlobalSection
	GlobalSection(ExtensibilityGlobals) = postSolution
		SolutionGuid = {1FE87AF4-259B-48E9-89B0-37A2563C925D}
	EndGlobalSection
EndGlobal
